// !$*UTF8*$!
{
	archiveVersion = 1;
	classes = {
	};
	objectVersion = 56;
	objects = {

/* Begin PBXBuildFile section */
		F9FF65A12B9064E500469ADD /* invi_menuApp.swift in Sources */ = {isa = PBXBuildFile; fileRef = F9FF65A02B9064E500469ADD /* invi_menuApp.swift */; };
		F9FF65A32B9064E500469ADD /* ContentView.swift in Sources */ = {isa = PBXBuildFile; fileRef = F9FF65A22B9064E500469ADD /* ContentView.swift */; };
		F9FF65A52B9064E700469ADD /* Assets.xcassets in Resources */ = {isa = PBXBuildFile; fileRef = F9FF65A42B9064E700469ADD /* Assets.xcassets */; };
		F9FF65A82B9064E700469ADD /* Preview Assets.xcassets in Resources */ = {isa = PBXBuildFile; fileRef = F9FF65A72B9064E700469ADD /* Preview Assets.xcassets */; };
		F9FF65B32B9064E700469ADD /* invi_menuTests.swift in Sources */ = {isa = PBXBuildFile; fileRef = F9FF65B22B9064E700469ADD /* invi_menuTests.swift */; };
		F9FF65BD2B9064E700469ADD /* invi_menuUITests.swift in Sources */ = {isa = PBXBuildFile; fileRef = F9FF65BC2B9064E700469ADD /* invi_menuUITests.swift */; };
		F9FF65BF2B9064E700469ADD /* invi_menuUITestsLaunchTests.swift in Sources */ = {isa = PBXBuildFile; fileRef = F9FF65BE2B9064E700469ADD /* invi_menuUITestsLaunchTests.swift */; };
/* End PBXBuildFile section */

/* Begin PBXContainerItemProxy section */
		F9FF65AF2B9064E700469ADD /* PBXContainerItemProxy */ = {
			isa = PBXContainerItemProxy;
			containerPortal = F9FF65952B9064E500469ADD /* Project object */;
			proxyType = 1;
			remoteGlobalIDString = F9FF659C2B9064E500469ADD;
			remoteInfo = "invi menu";
		};
		F9FF65B92B9064E700469ADD /* PBXContainerItemProxy */ = {
			isa = PBXContainerItemProxy;
			containerPortal = F9FF65952B9064E500469ADD /* Project object */;
			proxyType = 1;
			remoteGlobalIDString = F9FF659C2B9064E500469ADD;
			remoteInfo = "invi menu";
		};
/* End PBXContainerItemProxy section */

/* Begin PBXFileReference section */
		F9FF659D2B9064E500469ADD /* invi menu.app */ = {isa = PBXFileReference; explicitFileType = wrapper.application; includeInIndex = 0; path = "invi menu.app"; sourceTree = BUILT_PRODUCTS_DIR; };
		F9FF65A02B9064E500469ADD /* invi_menuApp.swift */ = {isa = PBXFileReference; lastKnownFileType = sourcecode.swift; path = invi_menuApp.swift; sourceTree = "<group>"; };
		F9FF65A22B9064E500469ADD /* ContentView.swift */ = {isa = PBXFileReference; lastKnownFileType = sourcecode.swift; path = ContentView.swift; sourceTree = "<group>"; };
		F9FF65A42B9064E700469ADD /* Assets.xcassets */ = {isa = PBXFileReference; lastKnownFileType = folder.assetcatalog; path = Assets.xcassets; sourceTree = "<group>"; };
		F9FF65A72B9064E700469ADD /* Preview Assets.xcassets */ = {isa = PBXFileReference; lastKnownFileType = folder.assetcatalog; path = "Preview Assets.xcassets"; sourceTree = "<group>"; };
		F9FF65A92B9064E700469ADD /* invi_menu.entitlements */ = {isa = PBXFileReference; lastKnownFileType = text.plist.entitlements; path = invi_menu.entitlements; sourceTree = "<group>"; };
		F9FF65AE2B9064E700469ADD /* invi menuTests.xctest */ = {isa = PBXFileReference; explicitFileType = wrapper.cfbundle; includeInIndex = 0; path = "invi menuTests.xctest"; sourceTree = BUILT_PRODUCTS_DIR; };
		F9FF65B22B9064E700469ADD /* invi_menuTests.swift */ = {isa = PBXFileReference; lastKnownFileType = sourcecode.swift; path = invi_menuTests.swift; sourceTree = "<group>"; };
		F9FF65B82B9064E700469ADD /* invi menuUITests.xctest */ = {isa = PBXFileReference; explicitFileType = wrapper.cfbundle; includeInIndex = 0; path = "invi menuUITests.xctest"; sourceTree = BUILT_PRODUCTS_DIR; };
		F9FF65BC2B9064E700469ADD /* invi_menuUITests.swift */ = {isa = PBXFileReference; lastKnownFileType = sourcecode.swift; path = invi_menuUITests.swift; sourceTree = "<group>"; };
		F9FF65BE2B9064E700469ADD /* invi_menuUITestsLaunchTests.swift */ = {isa = PBXFileReference; lastKnownFileType = sourcecode.swift; path = invi_menuUITestsLaunchTests.swift; sourceTree = "<group>"; };
/* End PBXFileReference section */

/* Begin PBXFrameworksBuildPhase section */
		F9FF659A2B9064E500469ADD /* Frameworks */ = {
			isa = PBXFrameworksBuildPhase;
			buildActionMask = 2147483647;
			files = (
			);
			runOnlyForDeploymentPostprocessing = 0;
		};
		F9FF65AB2B9064E700469ADD /* Frameworks */ = {
			isa = PBXFrameworksBuildPhase;
			buildActionMask = 2147483647;
			files = (
			);
			runOnlyForDeploymentPostprocessing = 0;
		};
		F9FF65B52B9064E700469ADD /* Frameworks */ = {
			isa = PBXFrameworksBuildPhase;
			buildActionMask = 2147483647;
			files = (
			);
			runOnlyForDeploymentPostprocessing = 0;
		};
/* End PBXFrameworksBuildPhase section */

/* Begin PBXGroup section */
		F9FF65942B9064E500469ADD = {
			isa = PBXGroup;
			children = (
				F9FF659F2B9064E500469ADD /* invi menu */,
				F9FF65B12B9064E700469ADD /* invi menuTests */,
				F9FF65BB2B9064E700469ADD /* invi menuUITests */,
				F9FF659E2B9064E500469ADD /* Products */,
			);
			sourceTree = "<group>";
		};
		F9FF659E2B9064E500469ADD /* Products */ = {
			isa = PBXGroup;
			children = (
				F9FF659D2B9064E500469ADD /* invi menu.app */,
				F9FF65AE2B9064E700469ADD /* invi menuTests.xctest */,
				F9FF65B82B9064E700469ADD /* invi menuUITests.xctest */,
			);
			name = Products;
			sourceTree = "<group>";
		};
		F9FF659F2B9064E500469ADD /* invi menu */ = {
			isa = PBXGroup;
			children = (
				F9FF65A02B9064E500469ADD /* invi_menuApp.swift */,
				F9FF65A22B9064E500469ADD /* ContentView.swift */,
				F9FF65A42B9064E700469ADD /* Assets.xcassets */,
				F9FF65A92B9064E700469ADD /* invi_menu.entitlements */,
				F9FF65A62B9064E700469ADD /* Preview Content */,
			);
			path = "invi menu";
			sourceTree = "<group>";
		};
		F9FF65A62B9064E700469ADD /* Preview Content */ = {
			isa = PBXGroup;
			children = (
				F9FF65A72B9064E700469ADD /* Preview Assets.xcassets */,
			);
			path = "Preview Content";
			sourceTree = "<group>";
		};
		F9FF65B12B9064E700469ADD /* invi menuTests */ = {
			isa = PBXGroup;
			children = (
				F9FF65B22B9064E700469ADD /* invi_menuTests.swift */,
			);
			path = "invi menuTests";
			sourceTree = "<group>";
		};
		F9FF65BB2B9064E700469ADD /* invi menuUITests */ = {
			isa = PBXGroup;
			children = (
				F9FF65BC2B9064E700469ADD /* invi_menuUITests.swift */,
				F9FF65BE2B9064E700469ADD /* invi_menuUITestsLaunchTests.swift */,
			);
			path = "invi menuUITests";
			sourceTree = "<group>";
		};
/* End PBXGroup section */

/* Begin PBXNativeTarget section */
		F9FF659C2B9064E500469ADD /* invi menu */ = {
			isa = PBXNativeTarget;
			buildConfigurationList = F9FF65C22B9064E700469ADD /* Build configuration list for PBXNativeTarget "invi menu" */;
			buildPhases = (
				F9FF65992B9064E500469ADD /* Sources */,
				F9FF659A2B9064E500469ADD /* Frameworks */,
				F9FF659B2B9064E500469ADD /* Resources */,
			);
			buildRules = (
			);
			dependencies = (
			);
			name = "invi menu";
			productName = "invi menu";
			productReference = F9FF659D2B9064E500469ADD /* invi menu.app */;
			productType = "com.apple.product-type.application";
		};
		F9FF65AD2B9064E700469ADD /* invi menuTests */ = {
			isa = PBXNativeTarget;
			buildConfigurationList = F9FF65C52B9064E700469ADD /* Build configuration list for PBXNativeTarget "invi menuTests" */;
			buildPhases = (
				F9FF65AA2B9064E700469ADD /* Sources */,
				F9FF65AB2B9064E700469ADD /* Frameworks */,
				F9FF65AC2B9064E700469ADD /* Resources */,
			);
			buildRules = (
			);
			dependencies = (
				F9FF65B02B9064E700469ADD /* PBXTargetDependency */,
			);
			name = "invi menuTests";
			productName = "invi menuTests";
			productReference = F9FF65AE2B9064E700469ADD /* invi menuTests.xctest */;
			productType = "com.apple.product-type.bundle.unit-test";
		};
		F9FF65B72B9064E700469ADD /* invi menuUITests */ = {
			isa = PBXNativeTarget;
			buildConfigurationList = F9FF65C82B9064E700469ADD /* Build configuration list for PBXNativeTarget "invi menuUITests" */;
			buildPhases = (
				F9FF65B42B9064E700469ADD /* Sources */,
				F9FF65B52B9064E700469ADD /* Frameworks */,
				F9FF65B62B9064E700469ADD /* Resources */,
			);
			buildRules = (
			);
			dependencies = (
				F9FF65BA2B9064E700469ADD /* PBXTargetDependency */,
			);
			name = "invi menuUITests";
			productName = "invi menuUITests";
			productReference = F9FF65B82B9064E700469ADD /* invi menuUITests.xctest */;
			productType = "com.apple.product-type.bundle.ui-testing";
		};
/* End PBXNativeTarget section */

/* Begin PBXProject section */
		F9FF65952B9064E500469ADD /* Project object */ = {
			isa = PBXProject;
			attributes = {
				BuildIndependentTargetsInParallel = 1;
				LastSwiftUpdateCheck = 1520;
				LastUpgradeCheck = 1520;
				TargetAttributes = {
					F9FF659C2B9064E500469ADD = {
						CreatedOnToolsVersion = 15.2;
					};
					F9FF65AD2B9064E700469ADD = {
						CreatedOnToolsVersion = 15.2;
						TestTargetID = F9FF659C2B9064E500469ADD;
					};
					F9FF65B72B9064E700469ADD = {
						CreatedOnToolsVersion = 15.2;
						TestTargetID = F9FF659C2B9064E500469ADD;
					};
				};
			};
			buildConfigurationList = F9FF65982B9064E500469ADD /* Build configuration list for PBXProject "invi menu" */;
			compatibilityVersion = "Xcode 14.0";
			developmentRegion = en;
			hasScannedForEncodings = 0;
			knownRegions = (
				en,
				Base,
			);
			mainGroup = F9FF65942B9064E500469ADD;
			productRefGroup = F9FF659E2B9064E500469ADD /* Products */;
			projectDirPath = "";
			projectRoot = "";
			targets = (
				F9FF659C2B9064E500469ADD /* invi menu */,
				F9FF65AD2B9064E700469ADD /* invi menuTests */,
				F9FF65B72B9064E700469ADD /* invi menuUITests */,
			);
		};
/* End PBXProject section */

/* Begin PBXResourcesBuildPhase section */
		F9FF659B2B9064E500469ADD /* Resources */ = {
			isa = PBXResourcesBuildPhase;
			buildActionMask = 2147483647;
			files = (
				F9FF65A82B9064E700469ADD /* Preview Assets.xcassets in Resources */,
				F9FF65A52B9064E700469ADD /* Assets.xcassets in Resources */,
			);
			runOnlyForDeploymentPostprocessing = 0;
		};
		F9FF65AC2B9064E700469ADD /* Resources */ = {
			isa = PBXResourcesBuildPhase;
			buildActionMask = 2147483647;
			files = (
			);
			runOnlyForDeploymentPostprocessing = 0;
		};
		F9FF65B62B9064E700469ADD /* Resources */ = {
			isa = PBXResourcesBuildPhase;
			buildActionMask = 2147483647;
			files = (
			);
			runOnlyForDeploymentPostprocessing = 0;
		};
/* End PBXResourcesBuildPhase section */

/* Begin PBXSourcesBuildPhase section */
		F9FF65992B9064E500469ADD /* Sources */ = {
			isa = PBXSourcesBuildPhase;
			buildActionMask = 2147483647;
			files = (
				F9FF65A32B9064E500469ADD /* ContentView.swift in Sources */,
				F9FF65A12B9064E500469ADD /* invi_menuApp.swift in Sources */,
			);
			runOnlyForDeploymentPostprocessing = 0;
		};
		F9FF65AA2B9064E700469ADD /* Sources */ = {
			isa = PBXSourcesBuildPhase;
			buildActionMask = 2147483647;
			files = (
				F9FF65B32B9064E700469ADD /* invi_menuTests.swift in Sources */,
			);
			runOnlyForDeploymentPostprocessing = 0;
		};
		F9FF65B42B9064E700469ADD /* Sources */ = {
			isa = PBXSourcesBuildPhase;
			buildActionMask = 2147483647;
			files = (
				F9FF65BD2B9064E700469ADD /* invi_menuUITests.swift in Sources */,
				F9FF65BF2B9064E700469ADD /* invi_menuUITestsLaunchTests.swift in Sources */,
			);
			runOnlyForDeploymentPostprocessing = 0;
		};
/* End PBXSourcesBuildPhase section */

/* Begin PBXTargetDependency section */
		F9FF65B02B9064E700469ADD /* PBXTargetDependency */ = {
			isa = PBXTargetDependency;
			target = F9FF659C2B9064E500469ADD /* invi menu */;
			targetProxy = F9FF65AF2B9064E700469ADD /* PBXContainerItemProxy */;
		};
		F9FF65BA2B9064E700469ADD /* PBXTargetDependency */ = {
			isa = PBXTargetDependency;
			target = F9FF659C2B9064E500469ADD /* invi menu */;
			targetProxy = F9FF65B92B9064E700469ADD /* PBXContainerItemProxy */;
		};
/* End PBXTargetDependency section */

/* Begin XCBuildConfiguration section */
		F9FF65C02B9064E700469ADD /* Debug */ = {
			isa = XCBuildConfiguration;
			buildSettings = {
				ALWAYS_SEARCH_USER_PATHS = NO;
				ASSETCATALOG_COMPILER_GENERATE_SWIFT_ASSET_SYMBOL_EXTENSIONS = YES;
				CLANG_ANALYZER_NONNULL = YES;
				CLANG_ANALYZER_NUMBER_OBJECT_CONVERSION = YES_AGGRESSIVE;
				CLANG_CXX_LANGUAGE_STANDARD = "gnu++20";
				CLANG_ENABLE_MODULES = YES;
				CLANG_ENABLE_OBJC_ARC = YES;
				CLANG_ENABLE_OBJC_WEAK = YES;
				CLANG_WARN_BLOCK_CAPTURE_AUTORELEASING = YES;
				CLANG_WARN_BOOL_CONVERSION = YES;
				CLANG_WARN_COMMA = YES;
				CLANG_WARN_CONSTANT_CONVERSION = YES;
				CLANG_WARN_DEPRECATED_OBJC_IMPLEMENTATIONS = YES;
				CLANG_WARN_DIRECT_OBJC_ISA_USAGE = YES_ERROR;
				CLANG_WARN_DOCUMENTATION_COMMENTS = YES;
				CLANG_WARN_EMPTY_BODY = YES;
				CLANG_WARN_ENUM_CONVERSION = YES;
				CLANG_WARN_INFINITE_RECURSION = YES;
				CLANG_WARN_INT_CONVERSION = YES;
				CLANG_WARN_NON_LITERAL_NULL_CONVERSION = YES;
				CLANG_WARN_OBJC_IMPLICIT_RETAIN_SELF = YES;
				CLANG_WARN_OBJC_LITERAL_CONVERSION = YES;
				CLANG_WARN_OBJC_ROOT_CLASS = YES_ERROR;
				CLANG_WARN_QUOTED_INCLUDE_IN_FRAMEWORK_HEADER = YES;
				CLANG_WARN_RANGE_LOOP_ANALYSIS = YES;
				CLANG_WARN_STRICT_PROTOTYPES = YES;
				CLANG_WARN_SUSPICIOUS_MOVE = YES;
				CLANG_WARN_UNGUARDED_AVAILABILITY = YES_AGGRESSIVE;
				CLANG_WARN_UNREACHABLE_CODE = YES;
				CLANG_WARN__DUPLICATE_METHOD_MATCH = YES;
				COPY_PHASE_STRIP = NO;
				DEBUG_INFORMATION_FORMAT = dwarf;
				ENABLE_STRICT_OBJC_MSGSEND = YES;
				ENABLE_TESTABILITY = YES;
				ENABLE_USER_SCRIPT_SANDBOXING = YES;
				GCC_C_LANGUAGE_STANDARD = gnu17;
				GCC_DYNAMIC_NO_PIC = NO;
				GCC_NO_COMMON_BLOCKS = YES;
				GCC_OPTIMIZATION_LEVEL = 0;
				GCC_PREPROCESSOR_DEFINITIONS = (
					"DEBUG=1",
					"$(inherited)",
				);
				GCC_WARN_64_TO_32_BIT_CONVERSION = YES;
				GCC_WARN_ABOUT_RETURN_TYPE = YES_ERROR;
				GCC_WARN_UNDECLARED_SELECTOR = YES;
				GCC_WARN_UNINITIALIZED_AUTOS = YES_AGGRESSIVE;
				GCC_WARN_UNUSED_FUNCTION = YES;
				GCC_WARN_UNUSED_VARIABLE = YES;
				LOCALIZATION_PREFERS_STRING_CATALOGS = YES;
				MACOSX_DEPLOYMENT_TARGET = 14.2;
				MTL_ENABLE_DEBUG_INFO = INCLUDE_SOURCE;
				MTL_FAST_MATH = YES;
				ONLY_ACTIVE_ARCH = YES;
				SDKROOT = macosx;
				SWIFT_ACTIVE_COMPILATION_CONDITIONS = "DEBUG $(inherited)";
				SWIFT_OPTIMIZATION_LEVEL = "-Onone";
			};
			name = Debug;
		};
		F9FF65C12B9064E700469ADD /* Release */ = {
			isa = XCBuildConfiguration;
			buildSettings = {
				ALWAYS_SEARCH_USER_PATHS = NO;
				ASSETCATALOG_COMPILER_GENERATE_SWIFT_ASSET_SYMBOL_EXTENSIONS = YES;
				CLANG_ANALYZER_NONNULL = YES;
				CLANG_ANALYZER_NUMBER_OBJECT_CONVERSION = YES_AGGRESSIVE;
				CLANG_CXX_LANGUAGE_STANDARD = "gnu++20";
				CLANG_ENABLE_MODULES = YES;
				CLANG_ENABLE_OBJC_ARC = YES;
				CLANG_ENABLE_OBJC_WEAK = YES;
				CLANG_WARN_BLOCK_CAPTURE_AUTORELEASING = YES;
				CLANG_WARN_BOOL_CONVERSION = YES;
				CLANG_WARN_COMMA = YES;
				CLANG_WARN_CONSTANT_CONVERSION = YES;
				CLANG_WARN_DEPRECATED_OBJC_IMPLEMENTATIONS = YES;
				CLANG_WARN_DIRECT_OBJC_ISA_USAGE = YES_ERROR;
				CLANG_WARN_DOCUMENTATION_COMMENTS = YES;
				CLANG_WARN_EMPTY_BODY = YES;
				CLANG_WARN_ENUM_CONVERSION = YES;
				CLANG_WARN_INFINITE_RECURSION = YES;
				CLANG_WARN_INT_CONVERSION = YES;
				CLANG_WARN_NON_LITERAL_NULL_CONVERSION = YES;
				CLANG_WARN_OBJC_IMPLICIT_RETAIN_SELF = YES;
				CLANG_WARN_OBJC_LITERAL_CONVERSION = YES;
				CLANG_WARN_OBJC_ROOT_CLASS = YES_ERROR;
				CLANG_WARN_QUOTED_INCLUDE_IN_FRAMEWORK_HEADER = YES;
				CLANG_WARN_RANGE_LOOP_ANALYSIS = YES;
				CLANG_WARN_STRICT_PROTOTYPES = YES;
				CLANG_WARN_SUSPICIOUS_MOVE = YES;
				CLANG_WARN_UNGUARDED_AVAILABILITY = YES_AGGRESSIVE;
				CLANG_WARN_UNREACHABLE_CODE = YES;
				CLANG_WARN__DUPLICATE_METHOD_MATCH = YES;
				COPY_PHASE_STRIP = NO;
				DEBUG_INFORMATION_FORMAT = "dwarf-with-dsym";
				ENABLE_NS_ASSERTIONS = NO;
				ENABLE_STRICT_OBJC_MSGSEND = YES;
				ENABLE_USER_SCRIPT_SANDBOXING = YES;
				GCC_C_LANGUAGE_STANDARD = gnu17;
				GCC_NO_COMMON_BLOCKS = YES;
				GCC_WARN_64_TO_32_BIT_CONVERSION = YES;
				GCC_WARN_ABOUT_RETURN_TYPE = YES_ERROR;
				GCC_WARN_UNDECLARED_SELECTOR = YES;
				GCC_WARN_UNINITIALIZED_AUTOS = YES_AGGRESSIVE;
				GCC_WARN_UNUSED_FUNCTION = YES;
				GCC_WARN_UNUSED_VARIABLE = YES;
				LOCALIZATION_PREFERS_STRING_CATALOGS = YES;
				MACOSX_DEPLOYMENT_TARGET = 14.2;
				MTL_ENABLE_DEBUG_INFO = NO;
				MTL_FAST_MATH = YES;
				SDKROOT = macosx;
				SWIFT_COMPILATION_MODE = wholemodule;
			};
			name = Release;
		};
		F9FF65C32B9064E700469ADD /* Debug */ = {
			isa = XCBuildConfiguration;
			buildSettings = {
				ASSETCATALOG_COMPILER_APPICON_NAME = AppIcon;
				ASSETCATALOG_COMPILER_GLOBAL_ACCENT_COLOR_NAME = AccentColor;
				CODE_SIGN_ENTITLEMENTS = "invi menu/invi_menu.entitlements";
				CODE_SIGN_STYLE = Automatic;
				COMBINE_HIDPI_IMAGES = YES;
				CURRENT_PROJECT_VERSION = 1;
				DEVELOPMENT_ASSET_PATHS = "\"invi menu/Preview Content\"";
				DEVELOPMENT_TEAM = RYDG9V3U4V;
				ENABLE_HARDENED_RUNTIME = YES;
				ENABLE_PREVIEWS = YES;
				GENERATE_INFOPLIST_FILE = YES;
				INFOPLIST_KEY_LSUIElement = YES;
				INFOPLIST_KEY_NSHumanReadableCopyright = "";
				LD_RUNPATH_SEARCH_PATHS = (
					"$(inherited)",
					"@executable_path/../Frameworks",
				);
				MARKETING_VERSION = 1.0;
				PRODUCT_BUNDLE_IDENTIFIER = "mranv.invi-menu";
				PRODUCT_NAME = "$(TARGET_NAME)";
				SWIFT_EMIT_LOC_STRINGS = YES;
				SWIFT_VERSION = 5.0;
			};
			name = Debug;
		};
		F9FF65C42B9064E700469ADD /* Release */ = {
			isa = XCBuildConfiguration;
			buildSettings = {
				ASSETCATALOG_COMPILER_APPICON_NAME = AppIcon;
				ASSETCATALOG_COMPILER_GLOBAL_ACCENT_COLOR_NAME = AccentColor;
				CODE_SIGN_ENTITLEMENTS = "invi menu/invi_menu.entitlements";
				CODE_SIGN_STYLE = Automatic;
				COMBINE_HIDPI_IMAGES = YES;
				CURRENT_PROJECT_VERSION = 1;
				DEVELOPMENT_ASSET_PATHS = "\"invi menu/Preview Content\"";
				DEVELOPMENT_TEAM = RYDG9V3U4V;
				ENABLE_HARDENED_RUNTIME = YES;
				ENABLE_PREVIEWS = YES;
				GENERATE_INFOPLIST_FILE = YES;
				INFOPLIST_KEY_LSUIElement = YES;
				INFOPLIST_KEY_NSHumanReadableCopyright = "";
				LD_RUNPATH_SEARCH_PATHS = (
					"$(inherited)",
					"@executable_path/../Frameworks",
				);
				MARKETING_VERSION = 1.0;
				PRODUCT_BUNDLE_IDENTIFIER = "mranv.invi-menu";
				PRODUCT_NAME = "$(TARGET_NAME)";
				SWIFT_EMIT_LOC_STRINGS = YES;
				SWIFT_VERSION = 5.0;
			};
			name = Release;
		};
		F9FF65C62B9064E700469ADD /* Debug */ = {
			isa = XCBuildConfiguration;
			buildSettings = {
				ALWAYS_EMBED_SWIFT_STANDARD_LIBRARIES = YES;
				BUNDLE_LOADER = "$(TEST_HOST)";
				CODE_SIGN_STYLE = Automatic;
				CURRENT_PROJECT_VERSION = 1;
				DEVELOPMENT_TEAM = RYDG9V3U4V;
				GENERATE_INFOPLIST_FILE = YES;
				MACOSX_DEPLOYMENT_TARGET = 14.2;
				MARKETING_VERSION = 1.0;
				PRODUCT_BUNDLE_IDENTIFIER = "mranv.invi-menuTests";
				PRODUCT_NAME = "$(TARGET_NAME)";
				SWIFT_EMIT_LOC_STRINGS = NO;
				SWIFT_VERSION = 5.0;
				TEST_HOST = "$(BUILT_PRODUCTS_DIR)/invi menu.app/$(BUNDLE_EXECUTABLE_FOLDER_PATH)/invi menu";
			};
			name = Debug;
		};
		F9FF65C72B9064E700469ADD /* Release */ = {
			isa = XCBuildConfiguration;
			buildSettings = {
				ALWAYS_EMBED_SWIFT_STANDARD_LIBRARIES = YES;
				BUNDLE_LOADER = "$(TEST_HOST)";
				CODE_SIGN_STYLE = Automatic;
				CURRENT_PROJECT_VERSION = 1;
				DEVELOPMENT_TEAM = RYDG9V3U4V;
				GENERATE_INFOPLIST_FILE = YES;
				MACOSX_DEPLOYMENT_TARGET = 14.2;
				MARKETING_VERSION = 1.0;
				PRODUCT_BUNDLE_IDENTIFIER = "mranv.invi-menuTests";
				PRODUCT_NAME = "$(TARGET_NAME)";
				SWIFT_EMIT_LOC_STRINGS = NO;
				SWIFT_VERSION = 5.0;
				TEST_HOST = "$(BUILT_PRODUCTS_DIR)/invi menu.app/$(BUNDLE_EXECUTABLE_FOLDER_PATH)/invi menu";
			};
			name = Release;
		};
		F9FF65C92B9064E700469ADD /* Debug */ = {
			isa = XCBuildConfiguration;
			buildSettings = {
				ALWAYS_EMBED_SWIFT_STANDARD_LIBRARIES = YES;
				CODE_SIGN_STYLE = Automatic;
				CURRENT_PROJECT_VERSION = 1;
				DEVELOPMENT_TEAM = RYDG9V3U4V;
				GENERATE_INFOPLIST_FILE = YES;
				MARKETING_VERSION = 1.0;
				PRODUCT_BUNDLE_IDENTIFIER = "mranv.invi-menuUITests";
				PRODUCT_NAME = "$(TARGET_NAME)";
				SWIFT_EMIT_LOC_STRINGS = NO;
				SWIFT_VERSION = 5.0;
				TEST_TARGET_NAME = "invi menu";
			};
			name = Debug;
		};
		F9FF65CA2B9064E700469ADD /* Release */ = {
			isa = XCBuildConfiguration;
			buildSettings = {
				ALWAYS_EMBED_SWIFT_STANDARD_LIBRARIES = YES;
				CODE_SIGN_STYLE = Automatic;
				CURRENT_PROJECT_VERSION = 1;
				DEVELOPMENT_TEAM = RYDG9V3U4V;
				GENERATE_INFOPLIST_FILE = YES;
				MARKETING_VERSION = 1.0;
				PRODUCT_BUNDLE_IDENTIFIER = "mranv.invi-menuUITests";
				PRODUCT_NAME = "$(TARGET_NAME)";
				SWIFT_EMIT_LOC_STRINGS = NO;
				SWIFT_VERSION = 5.0;
				TEST_TARGET_NAME = "invi menu";
			};
			name = Release;
		};
/* End XCBuildConfiguration section */

/* Begin XCConfigurationList section */
		F9FF65982B9064E500469ADD /* Build configuration list for PBXProject "invi menu" */ = {
			isa = XCConfigurationList;
			buildConfigurations = (
				F9FF65C02B9064E700469ADD /* Debug */,
				F9FF65C12B9064E700469ADD /* Release */,
			);
			defaultConfigurationIsVisible = 0;
			defaultConfigurationName = Release;
		};
		F9FF65C22B9064E700469ADD /* Build configuration list for PBXNativeTarget "invi menu" */ = {
			isa = XCConfigurationList;
			buildConfigurations = (
				F9FF65C32B9064E700469ADD /* Debug */,
				F9FF65C42B9064E700469ADD /* Release */,
			);
			defaultConfigurationIsVisible = 0;
			defaultConfigurationName = Release;
		};
		F9FF65C52B9064E700469ADD /* Build configuration list for PBXNativeTarget "invi menuTests" */ = {
			isa = XCConfigurationList;
			buildConfigurations = (
				F9FF65C62B9064E700469ADD /* Debug */,
				F9FF65C72B9064E700469ADD /* Release */,
			);
			defaultConfigurationIsVisible = 0;
			defaultConfigurationName = Release;
		};
		F9FF65C82B9064E700469ADD /* Build configuration list for PBXNativeTarget "invi menuUITests" */ = {
			isa = XCConfigurationList;
			buildConfigurations = (
				F9FF65C92B9064E700469ADD /* Debug */,
				F9FF65CA2B9064E700469ADD /* Release */,
			);
			defaultConfigurationIsVisible = 0;
			defaultConfigurationName = Release;
		};
/* End XCConfigurationList section */
	};
	rootObject = F9FF65952B9064E500469ADD /* Project object */;
}
